
Microsoft Visual Studio Solution File, Format Version 12.00
# Visual Studio Version 16
VisualStudioVersion = 16.0.31729.503
MinimumVisualStudioVersion = 10.0.40219.1
Project("{FAE04EC0-301F-11D3-BF4B-00C04F79EFBC}") = "Extention", "Extention\Extention.csproj", "{B6F6298A-83D1-4821-A66E-953E2408E8F9}"
EndProject
Global
	GlobalSection(SolutionConfigurationPlatforms) = preSolution
		Debug|Any CPU = Debug|Any CPU
		Release|Any CPU = Release|Any CPU
	EndGlobalSection
	GlobalSection(ProjectConfigurationPlatforms) = postSolution
		{B6F6298A-83D1-4821-A66E-953E2408E8F9}.Debug|Any CPU.ActiveCfg = Debug|Any CPU
		{B6F6298A-83D1-4821-A66E-953E2408E8F9}.Debug|Any CPU.Build.0 = Debug|Any CPU
		{B6F6298A-83D1-4821-A66E-953E2408E8F9}.Release|Any CPU.ActiveCfg = Release|Any CPU
		{B6F6298A-83D1-4821-A66E-953E2408E8F9}.Release|Any CPU.Build.0 = Release|Any CPU
	EndGlobalSection
	GlobalSection(SolutionProperties) = preSolution
		HideSolutionNode = FALSE
	EndGlobalSection
	GlobalSection(ExtensibilityGlobals) = postSolution
		SolutionGuid = {A9099DD1-4C50-49AC-B1B5-2A8F5E1C055E}
	EndGlobalSection
EndGlobal
